
Microsoft Visual Studio Solution File, Format Version 12.00
# Visual Studio Version 17
VisualStudioVersion = 17.3.32825.248
MinimumVisualStudioVersion = 10.0.40219.1
Project("{8BC9CEB8-8B4A-11D0-8D11-00A0C91BC942}") = "Sandbox", "Sandbox\Sandbox.vcxproj", "{BAF96DE3-DA30-4446-AED6-C19B0856B4B1}"
EndProject
Project("{8BC9CEB8-8B4A-11D0-8D11-00A0C91BC942}") = "Cerberus", "Cerberus\Cerberus.vcxproj", "{F7BB6EC1-A072-4EA0-9850-2E1417058F75}"
EndProject
Global
	GlobalSection(SolutionConfigurationPlatforms) = preSolution
		Debug|x64 = Debug|x64
		Release|x64 = Release|x64
	EndGlobalSection
	GlobalSection(ProjectConfigurationPlatforms) = postSolution
		{F7BB6EC1-A072-4EA0-9850-2E1417058F75}.Debug|x64.ActiveCfg = Debug|x64
		{F7BB6EC1-A072-4EA0-9850-2E1417058F75}.Debug|x64.Build.0 = Debug|x64
		{F7BB6EC1-A072-4EA0-9850-2E1417058F75}.Release|x64.ActiveCfg = Release|x64
		{F7BB6EC1-A072-4EA0-9850-2E1417058F75}.Release|x64.Build.0 = Release|x64
		{BAF96DE3-DA30-4446-AED6-C19B0856B4B1}.Debug|x64.ActiveCfg = Debug|x64
		{BAF96DE3-DA30-4446-AED6-C19B0856B4B1}.Debug|x64.Build.0 = Debug|x64
		{BAF96DE3-DA30-4446-AED6-C19B0856B4B1}.Release|x64.ActiveCfg = Release|x64
		{BAF96DE3-DA30-4446-AED6-C19B0856B4B1}.Release|x64.Build.0 = Release|x64
	EndGlobalSection
	GlobalSection(SolutionProperties) = preSolution
		HideSolutionNode = FALSE
	EndGlobalSection
	GlobalSection(ExtensibilityGlobals) = postSolution
		SolutionGuid = {EAF4C912-DD08-4467-9131-D29B7877B486}
	EndGlobalSection
EndGlobal
